{
  "name": "community-impact-chatbot",
  "version": "1.0.0",
  "description": "Dark fantasy themed chatbot for community impact stories",
  "main": "index.js",
  "scripts": {
    "dev": "vercel dev",
    "build": "echo 'Build complete'",
    "start": "vercel dev"
  },
  "dependencies": {
    "@google/generative-ai": "^0.15.0"
  },
  "keywords": ["chatbot", "community", "impact", "dark-fantasy", "gemini-ai"],
  "author": "Your Name",
  "license": "MIT"
}


